
Microsoft Visual Studio Solution File, Format Version 12.00
# Visual Studio Version 17
VisualStudioVersion = 17.2.32210.308
MinimumVisualStudioVersion = 10.0.40219.1
Project("{9A19103F-16F7-4668-BE54-9A1E7A4F7556}") = "DeviceLink", "DeviceLink\DeviceLink.csproj", "{3BC70C33-C12A-4E5F-A647-6CF6BFE9A8F6}"
EndProject
Project("{FAE04EC0-301F-11D3-BF4B-00C04F79EFBC}") = "DeviceLink.CLI", "DeviceLink.CLI\DeviceLink.CLI.csproj", "{629253D7-6F3D-49DE-917C-EE8062E03B17}"
EndProject
Project("{FAE04EC0-301F-11D3-BF4B-00C04F79EFBC}") = "DeviceLink.Shared", "DeviceLink.Shared\DeviceLink.Shared.csproj", "{DB3CA40D-B2F7-46A1-AB25-4D4E1549D4FE}"
EndProject
Global
	GlobalSection(SolutionConfigurationPlatforms) = preSolution
		Debug|Any CPU = Debug|Any CPU
		Release|Any CPU = Release|Any CPU
	EndGlobalSection
	GlobalSection(ProjectConfigurationPlatforms) = postSolution
		{3BC70C33-C12A-4E5F-A647-6CF6BFE9A8F6}.Debug|Any CPU.ActiveCfg = Debug|Any CPU
		{3BC70C33-C12A-4E5F-A647-6CF6BFE9A8F6}.Debug|Any CPU.Build.0 = Debug|Any CPU
		{3BC70C33-C12A-4E5F-A647-6CF6BFE9A8F6}.Release|Any CPU.ActiveCfg = Release|Any CPU
		{3BC70C33-C12A-4E5F-A647-6CF6BFE9A8F6}.Release|Any CPU.Build.0 = Release|Any CPU
		{629253D7-6F3D-49DE-917C-EE8062E03B17}.Debug|Any CPU.ActiveCfg = Debug|Any CPU
		{629253D7-6F3D-49DE-917C-EE8062E03B17}.Debug|Any CPU.Build.0 = Debug|Any CPU
		{629253D7-6F3D-49DE-917C-EE8062E03B17}.Release|Any CPU.ActiveCfg = Release|Any CPU
		{629253D7-6F3D-49DE-917C-EE8062E03B17}.Release|Any CPU.Build.0 = Release|Any CPU
		{DB3CA40D-B2F7-46A1-AB25-4D4E1549D4FE}.Debug|Any CPU.ActiveCfg = Debug|Any CPU
		{DB3CA40D-B2F7-46A1-AB25-4D4E1549D4FE}.Debug|Any CPU.Build.0 = Debug|Any CPU
		{DB3CA40D-B2F7-46A1-AB25-4D4E1549D4FE}.Release|Any CPU.ActiveCfg = Release|Any CPU
		{DB3CA40D-B2F7-46A1-AB25-4D4E1549D4FE}.Release|Any CPU.Build.0 = Release|Any CPU
	EndGlobalSection
	GlobalSection(SolutionProperties) = preSolution
		HideSolutionNode = FALSE
	EndGlobalSection
	GlobalSection(ExtensibilityGlobals) = postSolution
		SolutionGuid = {876F4C69-E3E3-4D18-8CAB-BED9CBD2551F}
	EndGlobalSection
EndGlobal
